
Microsoft Visual Studio Solution File, Format Version 12.00
# Visual Studio Version 16
VisualStudioVersion = 16.0.33214.272
MinimumVisualStudioVersion = 10.0.40219.1
Project("{FAE04EC0-301F-11D3-BF4B-00C04F79EFBC}") = "Delegate", "Delegate\Delegate.csproj", "{89023369-3D4E-49D9-A311-A63455541963}"
EndProject
Project("{FAE04EC0-301F-11D3-BF4B-00C04F79EFBC}") = "Delegate2", "Delegate2\Delegate2.csproj", "{EAA4F9F8-278C-4D28-8746-02C1E177050C}"
EndProject
Project("{FAE04EC0-301F-11D3-BF4B-00C04F79EFBC}") = "Delegate3", "Delegate3\Delegate3.csproj", "{F8090FA7-5E82-4A58-94CB-25577BC30885}"
EndProject
Global
	GlobalSection(SolutionConfigurationPlatforms) = preSolution
		Debug|Any CPU = Debug|Any CPU
		Release|Any CPU = Release|Any CPU
	EndGlobalSection
	GlobalSection(ProjectConfigurationPlatforms) = postSolution
		{89023369-3D4E-49D9-A311-A63455541963}.Debug|Any CPU.ActiveCfg = Debug|Any CPU
		{89023369-3D4E-49D9-A311-A63455541963}.Debug|Any CPU.Build.0 = Debug|Any CPU
		{89023369-3D4E-49D9-A311-A63455541963}.Release|Any CPU.ActiveCfg = Release|Any CPU
		{89023369-3D4E-49D9-A311-A63455541963}.Release|Any CPU.Build.0 = Release|Any CPU
		{EAA4F9F8-278C-4D28-8746-02C1E177050C}.Debug|Any CPU.ActiveCfg = Debug|Any CPU
		{EAA4F9F8-278C-4D28-8746-02C1E177050C}.Debug|Any CPU.Build.0 = Debug|Any CPU
		{EAA4F9F8-278C-4D28-8746-02C1E177050C}.Release|Any CPU.ActiveCfg = Release|Any CPU
		{EAA4F9F8-278C-4D28-8746-02C1E177050C}.Release|Any CPU.Build.0 = Release|Any CPU
		{F8090FA7-5E82-4A58-94CB-25577BC30885}.Debug|Any CPU.ActiveCfg = Debug|Any CPU
		{F8090FA7-5E82-4A58-94CB-25577BC30885}.Debug|Any CPU.Build.0 = Debug|Any CPU
		{F8090FA7-5E82-4A58-94CB-25577BC30885}.Release|Any CPU.ActiveCfg = Release|Any CPU
		{F8090FA7-5E82-4A58-94CB-25577BC30885}.Release|Any CPU.Build.0 = Release|Any CPU
	EndGlobalSection
	GlobalSection(SolutionProperties) = preSolution
		HideSolutionNode = FALSE
	EndGlobalSection
	GlobalSection(ExtensibilityGlobals) = postSolution
		SolutionGuid = {07CC9C79-DBA2-49B1-9F86-560566C9F6D9}
	EndGlobalSection
EndGlobal
